
Microsoft Visual Studio Solution File, Format Version 12.00
# Visual Studio 15
VisualStudioVersion = 15.0.26730.16
MinimumVisualStudioVersion = 10.0.40219.1
Project("{2150E333-8FDC-42A3-9474-1A3956D46DE8}") = "src", "src", "{40654D93-CBE7-4F08-BE70-26B291764AC9}"
	ProjectSection(SolutionItems) = preProject
		src\README.md = src\README.md
		src\Snow.All.nuspec = src\Snow.All.nuspec
		src\Snow.Basic.nuspec = src\Snow.Basic.nuspec
	EndProjectSection
EndProject
Project("{2150E333-8FDC-42A3-9474-1A3956D46DE8}") = "test", "test", "{9E14051D-3547-49AD-9D72-E500B64BFC49}"
EndProject
Project("{9A19103F-16F7-4668-BE54-9A1E7A4F7556}") = "Snow.Web", "src\Snow.web\Snow.Web.csproj", "{D546829F-C678-41B8-8AFB-1C72CDD03D50}"
EndProject
Project("{9A19103F-16F7-4668-BE54-9A1E7A4F7556}") = "Snow.Web.Test", "test\Snow.web.test\Snow.Web.Test.csproj", "{B7227A7B-AD9E-4072-9104-2A0DDF3010A1}"
EndProject
Project("{9A19103F-16F7-4668-BE54-9A1E7A4F7556}") = "Snow", "src\Snow\Snow.csproj", "{689D45CD-4EDB-4830-A736-30F56C3F979A}"
EndProject
Project("{9A19103F-16F7-4668-BE54-9A1E7A4F7556}") = "Snow.Test", "test\Snow.Test\Snow.Test.csproj", "{490964E6-8ED5-4C17-AB24-DD3A12EB77BA}"
EndProject
Project("{9A19103F-16F7-4668-BE54-9A1E7A4F7556}") = "Snow.Cache", "src\Snow.Cache\Snow.Cache.csproj", "{EE349C49-CC84-4F38-BAC2-C9BEB2C15242}"
EndProject
Project("{9A19103F-16F7-4668-BE54-9A1E7A4F7556}") = "Snow.Log", "src\Snow.Log\Snow.Log.csproj", "{FABE2D36-2ABC-45F4-ACDA-D6C2BE207BA1}"
EndProject
Project("{9A19103F-16F7-4668-BE54-9A1E7A4F7556}") = "Snow.Cache.Test", "test\Snow.Cache.Test\Snow.Cache.Test.csproj", "{1D6B8A98-E35D-42A9-9550-30C0E5064EFE}"
EndProject
Project("{9A19103F-16F7-4668-BE54-9A1E7A4F7556}") = "Snow.Log.Test", "test\Snow.Log.Test\Snow.Log.Test.csproj", "{990E145F-1159-4477-ADF2-74176C5C3EC0}"
EndProject
Project("{9A19103F-16F7-4668-BE54-9A1E7A4F7556}") = "Snow.OCR", "src\Snow.OCR\Snow.OCR.csproj", "{ABDB0D9E-C200-4D03-A052-8021C9965AF7}"
EndProject
Project("{9A19103F-16F7-4668-BE54-9A1E7A4F7556}") = "Snow.OCR.Test", "test\Snow.OCR.Test\Snow.OCR.Test.csproj", "{60E76384-8821-49C7-B555-CD6CD327BF25}"
EndProject
Project("{9A19103F-16F7-4668-BE54-9A1E7A4F7556}") = "Snow.Serialization", "src\Snow.Serialization\Snow.Serialization.csproj", "{BD845F22-8E09-42FA-8D3B-561D81930EDD}"
EndProject
Project("{9A19103F-16F7-4668-BE54-9A1E7A4F7556}") = "Snow.Serialization.Test", "test\Snow.Serialization.Test\Snow.Serialization.Test.csproj", "{7E13EF9B-D773-4E62-98C1-92BB365B5E69}"
EndProject
Project("{9A19103F-16F7-4668-BE54-9A1E7A4F7556}") = "Snow.Office", "src\Snow.Office\Snow.Office.csproj", "{87E17054-8277-4F96-9E4D-56BE710411DB}"
EndProject
Project("{9A19103F-16F7-4668-BE54-9A1E7A4F7556}") = "Snow.Office.Test", "test\Snow.Office.Test\Snow.Office.Test.csproj", "{98C4B5B1-7A47-4387-A701-817FC91EA99F}"
EndProject
Project("{9A19103F-16F7-4668-BE54-9A1E7A4F7556}") = "Snow.Http", "src\Snow.Http\Snow.Http.csproj", "{DB67478F-91D4-4EDE-B66F-55D73AF0ADE3}"
EndProject
Project("{9A19103F-16F7-4668-BE54-9A1E7A4F7556}") = "Snow.Http.Test", "test\Snow.Http.Test\Snow.Http.Test.csproj", "{0BFF9609-E039-4291-A848-A4E8E8373903}"
EndProject
Project("{9A19103F-16F7-4668-BE54-9A1E7A4F7556}") = "Snow.IPDB", "src\Snow.IPDB\Snow.IPDB.csproj", "{C2A8D65C-6D11-49EE-ABBE-22322CA909D8}"
EndProject
Project("{9A19103F-16F7-4668-BE54-9A1E7A4F7556}") = "Snow.IPDB.Test", "test\Snow.IPDB.Test\Snow.IPDB.Test.csproj", "{F57E4BAA-AC57-475D-AF42-D2B7A259C9AB}"
EndProject
Project("{9A19103F-16F7-4668-BE54-9A1E7A4F7556}") = "Snow.TestHelper", "test\Snow.TestHelper\Snow.TestHelper.csproj", "{86C6DF71-1933-49FB-9065-461D748F12D4}"
EndProject
Global
	GlobalSection(SolutionConfigurationPlatforms) = preSolution
		Debug|Any CPU = Debug|Any CPU
		Release|Any CPU = Release|Any CPU
	EndGlobalSection
	GlobalSection(ProjectConfigurationPlatforms) = postSolution
		{D546829F-C678-41B8-8AFB-1C72CDD03D50}.Debug|Any CPU.ActiveCfg = Debug|Any CPU
		{D546829F-C678-41B8-8AFB-1C72CDD03D50}.Debug|Any CPU.Build.0 = Debug|Any CPU
		{D546829F-C678-41B8-8AFB-1C72CDD03D50}.Release|Any CPU.ActiveCfg = Release|Any CPU
		{D546829F-C678-41B8-8AFB-1C72CDD03D50}.Release|Any CPU.Build.0 = Release|Any CPU
		{B7227A7B-AD9E-4072-9104-2A0DDF3010A1}.Debug|Any CPU.ActiveCfg = Debug|Any CPU
		{B7227A7B-AD9E-4072-9104-2A0DDF3010A1}.Debug|Any CPU.Build.0 = Debug|Any CPU
		{B7227A7B-AD9E-4072-9104-2A0DDF3010A1}.Release|Any CPU.ActiveCfg = Release|Any CPU
		{B7227A7B-AD9E-4072-9104-2A0DDF3010A1}.Release|Any CPU.Build.0 = Release|Any CPU
		{689D45CD-4EDB-4830-A736-30F56C3F979A}.Debug|Any CPU.ActiveCfg = Debug|Any CPU
		{689D45CD-4EDB-4830-A736-30F56C3F979A}.Debug|Any CPU.Build.0 = Debug|Any CPU
		{689D45CD-4EDB-4830-A736-30F56C3F979A}.Release|Any CPU.ActiveCfg = Release|Any CPU
		{689D45CD-4EDB-4830-A736-30F56C3F979A}.Release|Any CPU.Build.0 = Release|Any CPU
		{490964E6-8ED5-4C17-AB24-DD3A12EB77BA}.Debug|Any CPU.ActiveCfg = Debug|Any CPU
		{490964E6-8ED5-4C17-AB24-DD3A12EB77BA}.Debug|Any CPU.Build.0 = Debug|Any CPU
		{490964E6-8ED5-4C17-AB24-DD3A12EB77BA}.Release|Any CPU.ActiveCfg = Release|Any CPU
		{490964E6-8ED5-4C17-AB24-DD3A12EB77BA}.Release|Any CPU.Build.0 = Release|Any CPU
		{EE349C49-CC84-4F38-BAC2-C9BEB2C15242}.Debug|Any CPU.ActiveCfg = Debug|Any CPU
		{EE349C49-CC84-4F38-BAC2-C9BEB2C15242}.Debug|Any CPU.Build.0 = Debug|Any CPU
		{EE349C49-CC84-4F38-BAC2-C9BEB2C15242}.Release|Any CPU.ActiveCfg = Release|Any CPU
		{EE349C49-CC84-4F38-BAC2-C9BEB2C15242}.Release|Any CPU.Build.0 = Release|Any CPU
		{FABE2D36-2ABC-45F4-ACDA-D6C2BE207BA1}.Debug|Any CPU.ActiveCfg = Debug|Any CPU
		{FABE2D36-2ABC-45F4-ACDA-D6C2BE207BA1}.Debug|Any CPU.Build.0 = Debug|Any CPU
		{FABE2D36-2ABC-45F4-ACDA-D6C2BE207BA1}.Release|Any CPU.ActiveCfg = Release|Any CPU
		{FABE2D36-2ABC-45F4-ACDA-D6C2BE207BA1}.Release|Any CPU.Build.0 = Release|Any CPU
		{1D6B8A98-E35D-42A9-9550-30C0E5064EFE}.Debug|Any CPU.ActiveCfg = Debug|Any CPU
		{1D6B8A98-E35D-42A9-9550-30C0E5064EFE}.Debug|Any CPU.Build.0 = Debug|Any CPU
		{1D6B8A98-E35D-42A9-9550-30C0E5064EFE}.Release|Any CPU.ActiveCfg = Release|Any CPU
		{1D6B8A98-E35D-42A9-9550-30C0E5064EFE}.Release|Any CPU.Build.0 = Release|Any CPU
		{990E145F-1159-4477-ADF2-74176C5C3EC0}.Debug|Any CPU.ActiveCfg = Debug|Any CPU
		{990E145F-1159-4477-ADF2-74176C5C3EC0}.Debug|Any CPU.Build.0 = Debug|Any CPU
		{990E145F-1159-4477-ADF2-74176C5C3EC0}.Release|Any CPU.ActiveCfg = Release|Any CPU
		{990E145F-1159-4477-ADF2-74176C5C3EC0}.Release|Any CPU.Build.0 = Release|Any CPU
		{ABDB0D9E-C200-4D03-A052-8021C9965AF7}.Debug|Any CPU.ActiveCfg = Debug|Any CPU
		{ABDB0D9E-C200-4D03-A052-8021C9965AF7}.Debug|Any CPU.Build.0 = Debug|Any CPU
		{ABDB0D9E-C200-4D03-A052-8021C9965AF7}.Release|Any CPU.ActiveCfg = Release|Any CPU
		{ABDB0D9E-C200-4D03-A052-8021C9965AF7}.Release|Any CPU.Build.0 = Release|Any CPU
		{60E76384-8821-49C7-B555-CD6CD327BF25}.Debug|Any CPU.ActiveCfg = Debug|Any CPU
		{60E76384-8821-49C7-B555-CD6CD327BF25}.Debug|Any CPU.Build.0 = Debug|Any CPU
		{60E76384-8821-49C7-B555-CD6CD327BF25}.Release|Any CPU.ActiveCfg = Release|Any CPU
		{60E76384-8821-49C7-B555-CD6CD327BF25}.Release|Any CPU.Build.0 = Release|Any CPU
		{BD845F22-8E09-42FA-8D3B-561D81930EDD}.Debug|Any CPU.ActiveCfg = Debug|Any CPU
		{BD845F22-8E09-42FA-8D3B-561D81930EDD}.Debug|Any CPU.Build.0 = Debug|Any CPU
		{BD845F22-8E09-42FA-8D3B-561D81930EDD}.Release|Any CPU.ActiveCfg = Release|Any CPU
		{BD845F22-8E09-42FA-8D3B-561D81930EDD}.Release|Any CPU.Build.0 = Release|Any CPU
		{7E13EF9B-D773-4E62-98C1-92BB365B5E69}.Debug|Any CPU.ActiveCfg = Debug|Any CPU
		{7E13EF9B-D773-4E62-98C1-92BB365B5E69}.Debug|Any CPU.Build.0 = Debug|Any CPU
		{7E13EF9B-D773-4E62-98C1-92BB365B5E69}.Release|Any CPU.ActiveCfg = Release|Any CPU
		{7E13EF9B-D773-4E62-98C1-92BB365B5E69}.Release|Any CPU.Build.0 = Release|Any CPU
		{87E17054-8277-4F96-9E4D-56BE710411DB}.Debug|Any CPU.ActiveCfg = Debug|Any CPU
		{87E17054-8277-4F96-9E4D-56BE710411DB}.Debug|Any CPU.Build.0 = Debug|Any CPU
		{87E17054-8277-4F96-9E4D-56BE710411DB}.Release|Any CPU.ActiveCfg = Release|Any CPU
		{87E17054-8277-4F96-9E4D-56BE710411DB}.Release|Any CPU.Build.0 = Release|Any CPU
		{98C4B5B1-7A47-4387-A701-817FC91EA99F}.Debug|Any CPU.ActiveCfg = Debug|Any CPU
		{98C4B5B1-7A47-4387-A701-817FC91EA99F}.Debug|Any CPU.Build.0 = Debug|Any CPU
		{98C4B5B1-7A47-4387-A701-817FC91EA99F}.Release|Any CPU.ActiveCfg = Release|Any CPU
		{98C4B5B1-7A47-4387-A701-817FC91EA99F}.Release|Any CPU.Build.0 = Release|Any CPU
		{DB67478F-91D4-4EDE-B66F-55D73AF0ADE3}.Debug|Any CPU.ActiveCfg = Debug|Any CPU
		{DB67478F-91D4-4EDE-B66F-55D73AF0ADE3}.Debug|Any CPU.Build.0 = Debug|Any CPU
		{DB67478F-91D4-4EDE-B66F-55D73AF0ADE3}.Release|Any CPU.ActiveCfg = Release|Any CPU
		{DB67478F-91D4-4EDE-B66F-55D73AF0ADE3}.Release|Any CPU.Build.0 = Release|Any CPU
		{0BFF9609-E039-4291-A848-A4E8E8373903}.Debug|Any CPU.ActiveCfg = Debug|Any CPU
		{0BFF9609-E039-4291-A848-A4E8E8373903}.Debug|Any CPU.Build.0 = Debug|Any CPU
		{0BFF9609-E039-4291-A848-A4E8E8373903}.Release|Any CPU.ActiveCfg = Release|Any CPU
		{0BFF9609-E039-4291-A848-A4E8E8373903}.Release|Any CPU.Build.0 = Release|Any CPU
		{C2A8D65C-6D11-49EE-ABBE-22322CA909D8}.Debug|Any CPU.ActiveCfg = Debug|Any CPU
		{C2A8D65C-6D11-49EE-ABBE-22322CA909D8}.Debug|Any CPU.Build.0 = Debug|Any CPU
		{C2A8D65C-6D11-49EE-ABBE-22322CA909D8}.Release|Any CPU.ActiveCfg = Release|Any CPU
		{C2A8D65C-6D11-49EE-ABBE-22322CA909D8}.Release|Any CPU.Build.0 = Release|Any CPU
		{F57E4BAA-AC57-475D-AF42-D2B7A259C9AB}.Debug|Any CPU.ActiveCfg = Debug|Any CPU
		{F57E4BAA-AC57-475D-AF42-D2B7A259C9AB}.Debug|Any CPU.Build.0 = Debug|Any CPU
		{F57E4BAA-AC57-475D-AF42-D2B7A259C9AB}.Release|Any CPU.ActiveCfg = Release|Any CPU
		{F57E4BAA-AC57-475D-AF42-D2B7A259C9AB}.Release|Any CPU.Build.0 = Release|Any CPU
		{86C6DF71-1933-49FB-9065-461D748F12D4}.Debug|Any CPU.ActiveCfg = Debug|Any CPU
		{86C6DF71-1933-49FB-9065-461D748F12D4}.Debug|Any CPU.Build.0 = Debug|Any CPU
		{86C6DF71-1933-49FB-9065-461D748F12D4}.Release|Any CPU.ActiveCfg = Release|Any CPU
		{86C6DF71-1933-49FB-9065-461D748F12D4}.Release|Any CPU.Build.0 = Release|Any CPU
	EndGlobalSection
	GlobalSection(SolutionProperties) = preSolution
		HideSolutionNode = FALSE
	EndGlobalSection
	GlobalSection(NestedProjects) = preSolution
		{D546829F-C678-41B8-8AFB-1C72CDD03D50} = {40654D93-CBE7-4F08-BE70-26B291764AC9}
		{B7227A7B-AD9E-4072-9104-2A0DDF3010A1} = {9E14051D-3547-49AD-9D72-E500B64BFC49}
		{689D45CD-4EDB-4830-A736-30F56C3F979A} = {40654D93-CBE7-4F08-BE70-26B291764AC9}
		{490964E6-8ED5-4C17-AB24-DD3A12EB77BA} = {9E14051D-3547-49AD-9D72-E500B64BFC49}
		{EE349C49-CC84-4F38-BAC2-C9BEB2C15242} = {40654D93-CBE7-4F08-BE70-26B291764AC9}
		{FABE2D36-2ABC-45F4-ACDA-D6C2BE207BA1} = {40654D93-CBE7-4F08-BE70-26B291764AC9}
		{1D6B8A98-E35D-42A9-9550-30C0E5064EFE} = {9E14051D-3547-49AD-9D72-E500B64BFC49}
		{990E145F-1159-4477-ADF2-74176C5C3EC0} = {9E14051D-3547-49AD-9D72-E500B64BFC49}
		{ABDB0D9E-C200-4D03-A052-8021C9965AF7} = {40654D93-CBE7-4F08-BE70-26B291764AC9}
		{60E76384-8821-49C7-B555-CD6CD327BF25} = {9E14051D-3547-49AD-9D72-E500B64BFC49}
		{BD845F22-8E09-42FA-8D3B-561D81930EDD} = {40654D93-CBE7-4F08-BE70-26B291764AC9}
		{7E13EF9B-D773-4E62-98C1-92BB365B5E69} = {9E14051D-3547-49AD-9D72-E500B64BFC49}
		{87E17054-8277-4F96-9E4D-56BE710411DB} = {40654D93-CBE7-4F08-BE70-26B291764AC9}
		{98C4B5B1-7A47-4387-A701-817FC91EA99F} = {9E14051D-3547-49AD-9D72-E500B64BFC49}
		{DB67478F-91D4-4EDE-B66F-55D73AF0ADE3} = {40654D93-CBE7-4F08-BE70-26B291764AC9}
		{0BFF9609-E039-4291-A848-A4E8E8373903} = {9E14051D-3547-49AD-9D72-E500B64BFC49}
		{C2A8D65C-6D11-49EE-ABBE-22322CA909D8} = {40654D93-CBE7-4F08-BE70-26B291764AC9}
		{F57E4BAA-AC57-475D-AF42-D2B7A259C9AB} = {9E14051D-3547-49AD-9D72-E500B64BFC49}
		{86C6DF71-1933-49FB-9065-461D748F12D4} = {9E14051D-3547-49AD-9D72-E500B64BFC49}
	EndGlobalSection
	GlobalSection(ExtensibilityGlobals) = postSolution
		SolutionGuid = {1F92D53D-8F4F-4E3C-BC61-88CA7DA3E06F}
	EndGlobalSection
EndGlobal
